// !$*UTF8*$!
{
	archiveVersion = 1;
	classes = {
	};
	objectVersion = 48;
	objects = {

/* Begin PBXBuildFile section */
		18097E8B1FABFAB8002644F1 /* AppDelegate.swift in Sources */ = {isa = PBXBuildFile; fileRef = 18097E8A1FABFAB8002644F1 /* AppDelegate.swift */; };
		18097E8D1FABFAB8002644F1 /* QuizesViewController.swift in Sources */ = {isa = PBXBuildFile; fileRef = 18097E8C1FABFAB8002644F1 /* QuizesViewController.swift */; };
		18097E921FABFAB8002644F1 /* Main.storyboard in Resources */ = {isa = PBXBuildFile; fileRef = 18097E901FABFAB8002644F1 /* Main.storyboard */; };
		18097E941FABFAB8002644F1 /* Assets.xcassets in Resources */ = {isa = PBXBuildFile; fileRef = 18097E931FABFAB8002644F1 /* Assets.xcassets */; };
		18097E971FABFAB8002644F1 /* LaunchScreen.storyboard in Resources */ = {isa = PBXBuildFile; fileRef = 18097E951FABFAB8002644F1 /* LaunchScreen.storyboard */; };
		18097EA21FABFAB9002644F1 /* iQuizTests.swift in Sources */ = {isa = PBXBuildFile; fileRef = 18097EA11FABFAB9002644F1 /* iQuizTests.swift */; };
		18097EAD1FABFAB9002644F1 /* iQuizUITests.swift in Sources */ = {isa = PBXBuildFile; fileRef = 18097EAC1FABFAB9002644F1 /* iQuizUITests.swift */; };
		18D1C9E41FBE86E600453EE6 /* ImageHeaderView.swift in Sources */ = {isa = PBXBuildFile; fileRef = 18D1C9DF1FBE86E500453EE6 /* ImageHeaderView.swift */; };
		18D1C9E51FBE86E600453EE6 /* AnswerViewController.swift in Sources */ = {isa = PBXBuildFile; fileRef = 18D1C9E01FBE86E500453EE6 /* AnswerViewController.swift */; };
		18D1C9E61FBE86E600453EE6 /* ImageHeaderView.xib in Resources */ = {isa = PBXBuildFile; fileRef = 18D1C9E11FBE86E500453EE6 /* ImageHeaderView.xib */; };
		18D1C9E71FBE86E600453EE6 /* QuestionsTableViewController.swift in Sources */ = {isa = PBXBuildFile; fileRef = 18D1C9E21FBE86E500453EE6 /* QuestionsTableViewController.swift */; };
		18D1C9E81FBE86E600453EE6 /* QuestionViewController.swift in Sources */ = {isa = PBXBuildFile; fileRef = 18D1C9E31FBE86E500453EE6 /* QuestionViewController.swift */; };
		18FA1B841FAE74BB00040B01 /* QuizViewController.swift in Sources */ = {isa = PBXBuildFile; fileRef = 18FA1B831FAE74BB00040B01 /* QuizViewController.swift */; };
		18FA1B861FAEB69800040B01 /* Quiz.swift in Sources */ = {isa = PBXBuildFile; fileRef = 18FA1B851FAEB69800040B01 /* Quiz.swift */; };
		18FA1B881FAEB6B700040B01 /* Question.swift in Sources */ = {isa = PBXBuildFile; fileRef = 18FA1B871FAEB6B700040B01 /* Question.swift */; };
		18FA1B8A1FAEB74600040B01 /* Answer.swift in Sources */ = {isa = PBXBuildFile; fileRef = 18FA1B891FAEB74600040B01 /* Answer.swift */; };
		18FA1B8E1FAFFEE400040B01 /* UITableViewSource.swift in Sources */ = {isa = PBXBuildFile; fileRef = 18FA1B8D1FAFFEE400040B01 /* UITableViewSource.swift */; };
/* End PBXBuildFile section */

/* Begin PBXContainerItemProxy section */
		18097E9E1FABFAB9002644F1 /* PBXContainerItemProxy */ = {
			isa = PBXContainerItemProxy;
			containerPortal = 18097E7F1FABFAB8002644F1 /* Project object */;
			proxyType = 1;
			remoteGlobalIDString = 18097E861FABFAB8002644F1;
			remoteInfo = iQuiz;
		};
		18097EA91FABFAB9002644F1 /* PBXContainerItemProxy */ = {
			isa = PBXContainerItemProxy;
			containerPortal = 18097E7F1FABFAB8002644F1 /* Project object */;
			proxyType = 1;
			remoteGlobalIDString = 18097E861FABFAB8002644F1;
			remoteInfo = iQuiz;
		};
/* End PBXContainerItemProxy section */

/* Begin PBXFileReference section */
		18097E871FABFAB8002644F1 /* iQuiz.app */ = {isa = PBXFileReference; explicitFileType = wrapper.application; includeInIndex = 0; path = iQuiz.app; sourceTree = BUILT_PRODUCTS_DIR; };
		18097E8A1FABFAB8002644F1 /* AppDelegate.swift */ = {isa = PBXFileReference; lastKnownFileType = sourcecode.swift; path = AppDelegate.swift; sourceTree = "<group>"; };
		18097E8C1FABFAB8002644F1 /* QuizesViewController.swift */ = {isa = PBXFileReference; lastKnownFileType = sourcecode.swift; path = QuizesViewController.swift; sourceTree = "<group>"; };
		18097E911FABFAB8002644F1 /* Base */ = {isa = PBXFileReference; lastKnownFileType = file.storyboard; name = Base; path = Base.lproj/Main.storyboard; sourceTree = "<group>"; };
		18097E931FABFAB8002644F1 /* Assets.xcassets */ = {isa = PBXFileReference; lastKnownFileType = folder.assetcatalog; path = Assets.xcassets; sourceTree = "<group>"; };
		18097E961FABFAB8002644F1 /* Base */ = {isa = PBXFileReference; lastKnownFileType = file.storyboard; name = Base; path = Base.lproj/LaunchScreen.storyboard; sourceTree = "<group>"; };
		18097E981FABFAB9002644F1 /* Info.plist */ = {isa = PBXFileReference; lastKnownFileType = text.plist.xml; path = Info.plist; sourceTree = "<group>"; };
		18097E9D1FABFAB9002644F1 /* iQuizTests.xctest */ = {isa = PBXFileReference; explicitFileType = wrapper.cfbundle; includeInIndex = 0; path = iQuizTests.xctest; sourceTree = BUILT_PRODUCTS_DIR; };
		18097EA11FABFAB9002644F1 /* iQuizTests.swift */ = {isa = PBXFileReference; lastKnownFileType = sourcecode.swift; path = iQuizTests.swift; sourceTree = "<group>"; };
		18097EA31FABFAB9002644F1 /* Info.plist */ = {isa = PBXFileReference; lastKnownFileType = text.plist.xml; path = Info.plist; sourceTree = "<group>"; };
		18097EA81FABFAB9002644F1 /* iQuizUITests.xctest */ = {isa = PBXFileReference; explicitFileType = wrapper.cfbundle; includeInIndex = 0; path = iQuizUITests.xctest; sourceTree = BUILT_PRODUCTS_DIR; };
		18097EAC1FABFAB9002644F1 /* iQuizUITests.swift */ = {isa = PBXFileReference; lastKnownFileType = sourcecode.swift; path = iQuizUITests.swift; sourceTree = "<group>"; };
		18097EAE1FABFAB9002644F1 /* Info.plist */ = {isa = PBXFileReference; lastKnownFileType = text.plist.xml; path = Info.plist; sourceTree = "<group>"; };
		18D1C9DF1FBE86E500453EE6 /* ImageHeaderView.swift */ = {isa = PBXFileReference; fileEncoding = 4; lastKnownFileType = sourcecode.swift; path = ImageHeaderView.swift; sourceTree = "<group>"; };
		18D1C9E01FBE86E500453EE6 /* AnswerViewController.swift */ = {isa = PBXFileReference; fileEncoding = 4; lastKnownFileType = sourcecode.swift; path = AnswerViewController.swift; sourceTree = "<group>"; };
		18D1C9E11FBE86E500453EE6 /* ImageHeaderView.xib */ = {isa = PBXFileReference; fileEncoding = 4; lastKnownFileType = file.xib; path = ImageHeaderView.xib; sourceTree = "<group>"; };
		18D1C9E21FBE86E500453EE6 /* QuestionsTableViewController.swift */ = {isa = PBXFileReference; fileEncoding = 4; lastKnownFileType = sourcecode.swift; path = QuestionsTableViewController.swift; sourceTree = "<group>"; };
		18D1C9E31FBE86E500453EE6 /* QuestionViewController.swift */ = {isa = PBXFileReference; fileEncoding = 4; lastKnownFileType = sourcecode.swift; path = QuestionViewController.swift; sourceTree = "<group>"; };
		18FA1B831FAE74BB00040B01 /* QuizViewController.swift */ = {isa = PBXFileReference; fileEncoding = 4; lastKnownFileType = sourcecode.swift; path = QuizViewController.swift; sourceTree = "<group>"; };
		18FA1B851FAEB69800040B01 /* Quiz.swift */ = {isa = PBXFileReference; lastKnownFileType = sourcecode.swift; path = Quiz.swift; sourceTree = "<group>"; };
		18FA1B871FAEB6B700040B01 /* Question.swift */ = {isa = PBXFileReference; lastKnownFileType = sourcecode.swift; path = Question.swift; sourceTree = "<group>"; };
		18FA1B891FAEB74600040B01 /* Answer.swift */ = {isa = PBXFileReference; lastKnownFileType = sourcecode.swift; path = Answer.swift; sourceTree = "<group>"; };
		18FA1B8D1FAFFEE400040B01 /* UITableViewSource.swift */ = {isa = PBXFileReference; lastKnownFileType = sourcecode.swift; path = UITableViewSource.swift; sourceTree = "<group>"; };
/* End PBXFileReference section */

/* Begin PBXFrameworksBuildPhase section */
		18097E841FABFAB8002644F1 /* Frameworks */ = {
			isa = PBXFrameworksBuildPhase;
			buildActionMask = 2147483647;
			files = (
			);
			runOnlyForDeploymentPostprocessing = 0;
		};
		18097E9A1FABFAB9002644F1 /* Frameworks */ = {
			isa = PBXFrameworksBuildPhase;
			buildActionMask = 2147483647;
			files = (
			);
			runOnlyForDeploymentPostprocessing = 0;
		};
		18097EA51FABFAB9002644F1 /* Frameworks */ = {
			isa = PBXFrameworksBuildPhase;
			buildActionMask = 2147483647;
			files = (
			);
			runOnlyForDeploymentPostprocessing = 0;
		};
/* End PBXFrameworksBuildPhase section */

/* Begin PBXGroup section */
		18097E7E1FABFAB8002644F1 = {
			isa = PBXGroup;
			children = (
				18097E891FABFAB8002644F1 /* iQuiz */,
				18097EA01FABFAB9002644F1 /* iQuizTests */,
				18097EAB1FABFAB9002644F1 /* iQuizUITests */,
				18097E881FABFAB8002644F1 /* Products */,
			);
			sourceTree = "<group>";
		};
		18097E881FABFAB8002644F1 /* Products */ = {
			isa = PBXGroup;
			children = (
				18097E871FABFAB8002644F1 /* iQuiz.app */,
				18097E9D1FABFAB9002644F1 /* iQuizTests.xctest */,
				18097EA81FABFAB9002644F1 /* iQuizUITests.xctest */,
			);
			name = Products;
			sourceTree = "<group>";
		};
		18097E891FABFAB8002644F1 /* iQuiz */ = {
			isa = PBXGroup;
			children = (
				18D1C9E01FBE86E500453EE6 /* AnswerViewController.swift */,
				18D1C9DF1FBE86E500453EE6 /* ImageHeaderView.swift */,
				18D1C9E11FBE86E500453EE6 /* ImageHeaderView.xib */,
				18D1C9E21FBE86E500453EE6 /* QuestionsTableViewController.swift */,
				18D1C9E31FBE86E500453EE6 /* QuestionViewController.swift */,
				18FA1B831FAE74BB00040B01 /* QuizViewController.swift */,
				18097E8A1FABFAB8002644F1 /* AppDelegate.swift */,
				18097E8C1FABFAB8002644F1 /* QuizesViewController.swift */,
				18FA1B8D1FAFFEE400040B01 /* UITableViewSource.swift */,
				18FA1B851FAEB69800040B01 /* Quiz.swift */,
				18FA1B871FAEB6B700040B01 /* Question.swift */,
				18FA1B891FAEB74600040B01 /* Answer.swift */,
				18097E901FABFAB8002644F1 /* Main.storyboard */,
				18097E931FABFAB8002644F1 /* Assets.xcassets */,
				18097E951FABFAB8002644F1 /* LaunchScreen.storyboard */,
				18097E981FABFAB9002644F1 /* Info.plist */,
			);
			path = iQuiz;
			sourceTree = "<group>";
		};
		18097EA01FABFAB9002644F1 /* iQuizTests */ = {
			isa = PBXGroup;
			children = (
				18097EA11FABFAB9002644F1 /* iQuizTests.swift */,
				18097EA31FABFAB9002644F1 /* Info.plist */,
			);
			path = iQuizTests;
			sourceTree = "<group>";
		};
		18097EAB1FABFAB9002644F1 /* iQuizUITests */ = {
			isa = PBXGroup;
			children = (
				18097EAC1FABFAB9002644F1 /* iQuizUITests.swift */,
				18097EAE1FABFAB9002644F1 /* Info.plist */,
			);
			path = iQuizUITests;
			sourceTree = "<group>";
		};
/* End PBXGroup section */

/* Begin PBXNativeTarget section */
		18097E861FABFAB8002644F1 /* iQuiz */ = {
			isa = PBXNativeTarget;
			buildConfigurationList = 18097EB11FABFAB9002644F1 /* Build configuration list for PBXNativeTarget "iQuiz" */;
			buildPhases = (
				18097E831FABFAB8002644F1 /* Sources */,
				18097E841FABFAB8002644F1 /* Frameworks */,
				18097E851FABFAB8002644F1 /* Resources */,
			);
			buildRules = (
			);
			dependencies = (
			);
			name = iQuiz;
			productName = iQuiz;
			productReference = 18097E871FABFAB8002644F1 /* iQuiz.app */;
			productType = "com.apple.product-type.application";
		};
		18097E9C1FABFAB9002644F1 /* iQuizTests */ = {
			isa = PBXNativeTarget;
			buildConfigurationList = 18097EB41FABFAB9002644F1 /* Build configuration list for PBXNativeTarget "iQuizTests" */;
			buildPhases = (
				18097E991FABFAB9002644F1 /* Sources */,
				18097E9A1FABFAB9002644F1 /* Frameworks */,
				18097E9B1FABFAB9002644F1 /* Resources */,
			);
			buildRules = (
			);
			dependencies = (
				18097E9F1FABFAB9002644F1 /* PBXTargetDependency */,
			);
			name = iQuizTests;
			productName = iQuizTests;
			productReference = 18097E9D1FABFAB9002644F1 /* iQuizTests.xctest */;
			productType = "com.apple.product-type.bundle.unit-test";
		};
		18097EA71FABFAB9002644F1 /* iQuizUITests */ = {
			isa = PBXNativeTarget;
			buildConfigurationList = 18097EB71FABFAB9002644F1 /* Build configuration list for PBXNativeTarget "iQuizUITests" */;
			buildPhases = (
				18097EA41FABFAB9002644F1 /* Sources */,
				18097EA51FABFAB9002644F1 /* Frameworks */,
				18097EA61FABFAB9002644F1 /* Resources */,
			);
			buildRules = (
			);
			dependencies = (
				18097EAA1FABFAB9002644F1 /* PBXTargetDependency */,
			);
			name = iQuizUITests;
			productName = iQuizUITests;
			productReference = 18097EA81FABFAB9002644F1 /* iQuizUITests.xctest */;
			productType = "com.apple.product-type.bundle.ui-testing";
		};
/* End PBXNativeTarget section */

/* Begin PBXProject section */
		18097E7F1FABFAB8002644F1 /* Project object */ = {
			isa = PBXProject;
			attributes = {
				LastSwiftUpdateCheck = 0900;
				LastUpgradeCheck = 0900;
				ORGANIZATIONNAME = "Thipok Cholsaipant";
				TargetAttributes = {
					18097E861FABFAB8002644F1 = {
						CreatedOnToolsVersion = 9.0.1;
						ProvisioningStyle = Automatic;
					};
					18097E9C1FABFAB9002644F1 = {
						CreatedOnToolsVersion = 9.0.1;
						ProvisioningStyle = Automatic;
						TestTargetID = 18097E861FABFAB8002644F1;
					};
					18097EA71FABFAB9002644F1 = {
						CreatedOnToolsVersion = 9.0.1;
						ProvisioningStyle = Automatic;
						TestTargetID = 18097E861FABFAB8002644F1;
					};
				};
			};
			buildConfigurationList = 18097E821FABFAB8002644F1 /* Build configuration list for PBXProject "iQuiz" */;
			compatibilityVersion = "Xcode 8.0";
			developmentRegion = en;
			hasScannedForEncodings = 0;
			knownRegions = (
				en,
				Base,
			);
			mainGroup = 18097E7E1FABFAB8002644F1;
			productRefGroup = 18097E881FABFAB8002644F1 /* Products */;
			projectDirPath = "";
			projectRoot = "";
			targets = (
				18097E861FABFAB8002644F1 /* iQuiz */,
				18097E9C1FABFAB9002644F1 /* iQuizTests */,
				18097EA71FABFAB9002644F1 /* iQuizUITests */,
			);
		};
/* End PBXProject section */

/* Begin PBXResourcesBuildPhase section */
		18097E851FABFAB8002644F1 /* Resources */ = {
			isa = PBXResourcesBuildPhase;
			buildActionMask = 2147483647;
			files = (
				18097E971FABFAB8002644F1 /* LaunchScreen.storyboard in Resources */,
				18097E941FABFAB8002644F1 /* Assets.xcassets in Resources */,
				18097E921FABFAB8002644F1 /* Main.storyboard in Resources */,
				18D1C9E61FBE86E600453EE6 /* ImageHeaderView.xib in Resources */,
			);
			runOnlyForDeploymentPostprocessing = 0;
		};
		18097E9B1FABFAB9002644F1 /* Resources */ = {
			isa = PBXResourcesBuildPhase;
			buildActionMask = 2147483647;
			files = (
			);
			runOnlyForDeploymentPostprocessing = 0;
		};
		18097EA61FABFAB9002644F1 /* Resources */ = {
			isa = PBXResourcesBuildPhase;
			buildActionMask = 2147483647;
			files = (
			);
			runOnlyForDeploymentPostprocessing = 0;
		};
/* End PBXResourcesBuildPhase section */

/* Begin PBXSourcesBuildPhase section */
		18097E831FABFAB8002644F1 /* Sources */ = {
			isa = PBXSourcesBuildPhase;
			buildActionMask = 2147483647;
			files = (
				18FA1B881FAEB6B700040B01 /* Question.swift in Sources */,
				18D1C9E71FBE86E600453EE6 /* QuestionsTableViewController.swift in Sources */,
				18FA1B8E1FAFFEE400040B01 /* UITableViewSource.swift in Sources */,
				18FA1B841FAE74BB00040B01 /* QuizViewController.swift in Sources */,
				18D1C9E51FBE86E600453EE6 /* AnswerViewController.swift in Sources */,
				18097E8D1FABFAB8002644F1 /* QuizesViewController.swift in Sources */,
				18FA1B8A1FAEB74600040B01 /* Answer.swift in Sources */,
				18FA1B861FAEB69800040B01 /* Quiz.swift in Sources */,
				18097E8B1FABFAB8002644F1 /* AppDelegate.swift in Sources */,
				18D1C9E41FBE86E600453EE6 /* ImageHeaderView.swift in Sources */,
				18D1C9E81FBE86E600453EE6 /* QuestionViewController.swift in Sources */,
			);
			runOnlyForDeploymentPostprocessing = 0;
		};
		18097E991FABFAB9002644F1 /* Sources */ = {
			isa = PBXSourcesBuildPhase;
			buildActionMask = 2147483647;
			files = (
				18097EA21FABFAB9002644F1 /* iQuizTests.swift in Sources */,
			);
			runOnlyForDeploymentPostprocessing = 0;
		};
		18097EA41FABFAB9002644F1 /* Sources */ = {
			isa = PBXSourcesBuildPhase;
			buildActionMask = 2147483647;
			files = (
				18097EAD1FABFAB9002644F1 /* iQuizUITests.swift in Sources */,
			);
			runOnlyForDeploymentPostprocessing = 0;
		};
/* End PBXSourcesBuildPhase section */

/* Begin PBXTargetDependency section */
		18097E9F1FABFAB9002644F1 /* PBXTargetDependency */ = {
			isa = PBXTargetDependency;
			target = 18097E861FABFAB8002644F1 /* iQuiz */;
			targetProxy = 18097E9E1FABFAB9002644F1 /* PBXContainerItemProxy */;
		};
		18097EAA1FABFAB9002644F1 /* PBXTargetDependency */ = {
			isa = PBXTargetDependency;
			target = 18097E861FABFAB8002644F1 /* iQuiz */;
			targetProxy = 18097EA91FABFAB9002644F1 /* PBXContainerItemProxy */;
		};
/* End PBXTargetDependency section */

/* Begin PBXVariantGroup section */
		18097E901FABFAB8002644F1 /* Main.storyboard */ = {
			isa = PBXVariantGroup;
			children = (
				18097E911FABFAB8002644F1 /* Base */,
			);
			name = Main.storyboard;
			sourceTree = "<group>";
		};
		18097E951FABFAB8002644F1 /* LaunchScreen.storyboard */ = {
			isa = PBXVariantGroup;
			children = (
				18097E961FABFAB8002644F1 /* Base */,
			);
			name = LaunchScreen.storyboard;
			sourceTree = "<group>";
		};
/* End PBXVariantGroup section */

/* Begin XCBuildConfiguration section */
		18097EAF1FABFAB9002644F1 /* Debug */ = {
			isa = XCBuildConfiguration;
			buildSettings = {
				ALWAYS_SEARCH_USER_PATHS = NO;
				CLANG_ANALYZER_NONNULL = YES;
				CLANG_ANALYZER_NUMBER_OBJECT_CONVERSION = YES_AGGRESSIVE;
				CLANG_CXX_LANGUAGE_STANDARD = "gnu++14";
				CLANG_CXX_LIBRARY = "libc++";
				CLANG_ENABLE_MODULES = YES;
				CLANG_ENABLE_OBJC_ARC = YES;
				CLANG_WARN_BLOCK_CAPTURE_AUTORELEASING = YES;
				CLANG_WARN_BOOL_CONVERSION = YES;
				CLANG_WARN_COMMA = YES;
				CLANG_WARN_CONSTANT_CONVERSION = YES;
				CLANG_WARN_DIRECT_OBJC_ISA_USAGE = YES_ERROR;
				CLANG_WARN_DOCUMENTATION_COMMENTS = YES;
				CLANG_WARN_EMPTY_BODY = YES;
				CLANG_WARN_ENUM_CONVERSION = YES;
				CLANG_WARN_INFINITE_RECURSION = YES;
				CLANG_WARN_INT_CONVERSION = YES;
				CLANG_WARN_NON_LITERAL_NULL_CONVERSION = YES;
				CLANG_WARN_OBJC_LITERAL_CONVERSION = YES;
				CLANG_WARN_OBJC_ROOT_CLASS = YES_ERROR;
				CLANG_WARN_RANGE_LOOP_ANALYSIS = YES;
				CLANG_WARN_STRICT_PROTOTYPES = YES;
				CLANG_WARN_SUSPICIOUS_MOVE = YES;
				CLANG_WARN_UNGUARDED_AVAILABILITY = YES_AGGRESSIVE;
				CLANG_WARN_UNREACHABLE_CODE = YES;
				CLANG_WARN__DUPLICATE_METHOD_MATCH = YES;
				CODE_SIGN_IDENTITY = "iPhone Developer";
				COPY_PHASE_STRIP = NO;
				DEBUG_INFORMATION_FORMAT = dwarf;
				ENABLE_STRICT_OBJC_MSGSEND = YES;
				ENABLE_TESTABILITY = YES;
				GCC_C_LANGUAGE_STANDARD = gnu11;
				GCC_DYNAMIC_NO_PIC = NO;
				GCC_NO_COMMON_BLOCKS = YES;
				GCC_OPTIMIZATION_LEVEL = 0;
				GCC_PREPROCESSOR_DEFINITIONS = (
					"DEBUG=1",
					"$(inherited)",
				);
				GCC_WARN_64_TO_32_BIT_CONVERSION = YES;
				GCC_WARN_ABOUT_RETURN_TYPE = YES_ERROR;
				GCC_WARN_UNDECLARED_SELECTOR = YES;
				GCC_WARN_UNINITIALIZED_AUTOS = YES_AGGRESSIVE;
				GCC_WARN_UNUSED_FUNCTION = YES;
				GCC_WARN_UNUSED_VARIABLE = YES;
				IPHONEOS_DEPLOYMENT_TARGET = 11.0;
				MTL_ENABLE_DEBUG_INFO = YES;
				ONLY_ACTIVE_ARCH = YES;
				SDKROOT = iphoneos;
				SWIFT_ACTIVE_COMPILATION_CONDITIONS = DEBUG;
				SWIFT_OPTIMIZATION_LEVEL = "-Onone";
			};
			name = Debug;
		};
		18097EB01FABFAB9002644F1 /* Release */ = {
			isa = XCBuildConfiguration;
			buildSettings = {
				ALWAYS_SEARCH_USER_PATHS = NO;
				CLANG_ANALYZER_NONNULL = YES;
				CLANG_ANALYZER_NUMBER_OBJECT_CONVERSION = YES_AGGRESSIVE;
				CLANG_CXX_LANGUAGE_STANDARD = "gnu++14";
				CLANG_CXX_LIBRARY = "libc++";
				CLANG_ENABLE_MODULES = YES;
				CLANG_ENABLE_OBJC_ARC = YES;
				CLANG_WARN_BLOCK_CAPTURE_AUTORELEASING = YES;
				CLANG_WARN_BOOL_CONVERSION = YES;
				CLANG_WARN_COMMA = YES;
				CLANG_WARN_CONSTANT_CONVERSION = YES;
				CLANG_WARN_DIRECT_OBJC_ISA_USAGE = YES_ERROR;
				CLANG_WARN_DOCUMENTATION_COMMENTS = YES;
				CLANG_WARN_EMPTY_BODY = YES;
				CLANG_WARN_ENUM_CONVERSION = YES;
				CLANG_WARN_INFINITE_RECURSION = YES;
				CLANG_WARN_INT_CONVERSION = YES;
				CLANG_WARN_NON_LITERAL_NULL_CONVERSION = YES;
				CLANG_WARN_OBJC_LITERAL_CONVERSION = YES;
				CLANG_WARN_OBJC_ROOT_CLASS = YES_ERROR;
				CLANG_WARN_RANGE_LOOP_ANALYSIS = YES;
				CLANG_WARN_STRICT_PROTOTYPES = YES;
				CLANG_WARN_SUSPICIOUS_MOVE = YES;
				CLANG_WARN_UNGUARDED_AVAILABILITY = YES_AGGRESSIVE;
				CLANG_WARN_UNREACHABLE_CODE = YES;
				CLANG_WARN__DUPLICATE_METHOD_MATCH = YES;
				CODE_SIGN_IDENTITY = "iPhone Developer";
				COPY_PHASE_STRIP = NO;
				DEBUG_INFORMATION_FORMAT = "dwarf-with-dsym";
				ENABLE_NS_ASSERTIONS = NO;
				ENABLE_STRICT_OBJC_MSGSEND = YES;
				GCC_C_LANGUAGE_STANDARD = gnu11;
				GCC_NO_COMMON_BLOCKS = YES;
				GCC_WARN_64_TO_32_BIT_CONVERSION = YES;
				GCC_WARN_ABOUT_RETURN_TYPE = YES_ERROR;
				GCC_WARN_UNDECLARED_SELECTOR = YES;
				GCC_WARN_UNINITIALIZED_AUTOS = YES_AGGRESSIVE;
				GCC_WARN_UNUSED_FUNCTION = YES;
				GCC_WARN_UNUSED_VARIABLE = YES;
				IPHONEOS_DEPLOYMENT_TARGET = 11.0;
				MTL_ENABLE_DEBUG_INFO = NO;
				SDKROOT = iphoneos;
				SWIFT_OPTIMIZATION_LEVEL = "-Owholemodule";
				VALIDATE_PRODUCT = YES;
			};
			name = Release;
		};
		18097EB21FABFAB9002644F1 /* Debug */ = {
			isa = XCBuildConfiguration;
			buildSettings = {
				ASSETCATALOG_COMPILER_APPICON_NAME = AppIcon;
				CODE_SIGN_STYLE = Automatic;
				DEVELOPMENT_TEAM = 96CLFU9L83;
				INFOPLIST_FILE = iQuiz/Info.plist;
				LD_RUNPATH_SEARCH_PATHS = "$(inherited) @executable_path/Frameworks";
				PRODUCT_BUNDLE_IDENTIFIER = ch.thipok.iQuiz;
				PRODUCT_NAME = "$(TARGET_NAME)";
				SWIFT_VERSION = 4.0;
				TARGETED_DEVICE_FAMILY = "1,2";
			};
			name = Debug;
		};
		18097EB31FABFAB9002644F1 /* Release */ = {
			isa = XCBuildConfiguration;
			buildSettings = {
				ASSETCATALOG_COMPILER_APPICON_NAME = AppIcon;
				CODE_SIGN_STYLE = Automatic;
				DEVELOPMENT_TEAM = 96CLFU9L83;
				INFOPLIST_FILE = iQuiz/Info.plist;
				LD_RUNPATH_SEARCH_PATHS = "$(inherited) @executable_path/Frameworks";
				PRODUCT_BUNDLE_IDENTIFIER = ch.thipok.iQuiz;
				PRODUCT_NAME = "$(TARGET_NAME)";
				SWIFT_VERSION = 4.0;
				TARGETED_DEVICE_FAMILY = "1,2";
			};
			name = Release;
		};
		18097EB51FABFAB9002644F1 /* Debug */ = {
			isa = XCBuildConfiguration;
			buildSettings = {
				ALWAYS_EMBED_SWIFT_STANDARD_LIBRARIES = YES;
				BUNDLE_LOADER = "$(TEST_HOST)";
				CODE_SIGN_STYLE = Automatic;
				DEVELOPMENT_TEAM = 96CLFU9L83;
				INFOPLIST_FILE = iQuizTests/Info.plist;
				LD_RUNPATH_SEARCH_PATHS = "$(inherited) @executable_path/Frameworks @loader_path/Frameworks";
				PRODUCT_BUNDLE_IDENTIFIER = ch.thipok.iQuizTests;
				PRODUCT_NAME = "$(TARGET_NAME)";
				SWIFT_VERSION = 4.0;
				TARGETED_DEVICE_FAMILY = "1,2";
				TEST_HOST = "$(BUILT_PRODUCTS_DIR)/iQuiz.app/iQuiz";
			};
			name = Debug;
		};
		18097EB61FABFAB9002644F1 /* Release */ = {
			isa = XCBuildConfiguration;
			buildSettings = {
				ALWAYS_EMBED_SWIFT_STANDARD_LIBRARIES = YES;
				BUNDLE_LOADER = "$(TEST_HOST)";
				CODE_SIGN_STYLE = Automatic;
				DEVELOPMENT_TEAM = 96CLFU9L83;
				INFOPLIST_FILE = iQuizTests/Info.plist;
				LD_RUNPATH_SEARCH_PATHS = "$(inherited) @executable_path/Frameworks @loader_path/Frameworks";
				PRODUCT_BUNDLE_IDENTIFIER = ch.thipok.iQuizTests;
				PRODUCT_NAME = "$(TARGET_NAME)";
				SWIFT_VERSION = 4.0;
				TARGETED_DEVICE_FAMILY = "1,2";
				TEST_HOST = "$(BUILT_PRODUCTS_DIR)/iQuiz.app/iQuiz";
			};
			name = Release;
		};
		18097EB81FABFAB9002644F1 /* Debug */ = {
			isa = XCBuildConfiguration;
			buildSettings = {
				ALWAYS_EMBED_SWIFT_STANDARD_LIBRARIES = YES;
				CODE_SIGN_STYLE = Automatic;
				DEVELOPMENT_TEAM = 96CLFU9L83;
				INFOPLIST_FILE = iQuizUITests/Info.plist;
				LD_RUNPATH_SEARCH_PATHS = "$(inherited) @executable_path/Frameworks @loader_path/Frameworks";
				PRODUCT_BUNDLE_IDENTIFIER = ch.thipok.iQuizUITests;
				PRODUCT_NAME = "$(TARGET_NAME)";
				SWIFT_VERSION = 4.0;
				TARGETED_DEVICE_FAMILY = "1,2";
				TEST_TARGET_NAME = iQuiz;
			};
			name = Debug;
		};
		18097EB91FABFAB9002644F1 /* Release */ = {
			isa = XCBuildConfiguration;
			buildSettings = {
				ALWAYS_EMBED_SWIFT_STANDARD_LIBRARIES = YES;
				CODE_SIGN_STYLE = Automatic;
				DEVELOPMENT_TEAM = 96CLFU9L83;
				INFOPLIST_FILE = iQuizUITests/Info.plist;
				LD_RUNPATH_SEARCH_PATHS = "$(inherited) @executable_path/Frameworks @loader_path/Frameworks";
				PRODUCT_BUNDLE_IDENTIFIER = ch.thipok.iQuizUITests;
				PRODUCT_NAME = "$(TARGET_NAME)";
				SWIFT_VERSION = 4.0;
				TARGETED_DEVICE_FAMILY = "1,2";
				TEST_TARGET_NAME = iQuiz;
			};
			name = Release;
		};
/* End XCBuildConfiguration section */

/* Begin XCConfigurationList section */
		18097E821FABFAB8002644F1 /* Build configuration list for PBXProject "iQuiz" */ = {
			isa = XCConfigurationList;
			buildConfigurations = (
				18097EAF1FABFAB9002644F1 /* Debug */,
				18097EB01FABFAB9002644F1 /* Release */,
			);
			defaultConfigurationIsVisible = 0;
			defaultConfigurationName = Release;
		};
		18097EB11FABFAB9002644F1 /* Build configuration list for PBXNativeTarget "iQuiz" */ = {
			isa = XCConfigurationList;
			buildConfigurations = (
				18097EB21FABFAB9002644F1 /* Debug */,
				18097EB31FABFAB9002644F1 /* Release */,
			);
			defaultConfigurationIsVisible = 0;
			defaultConfigurationName = Release;
		};
		18097EB41FABFAB9002644F1 /* Build configuration list for PBXNativeTarget "iQuizTests" */ = {
			isa = XCConfigurationList;
			buildConfigurations = (
				18097EB51FABFAB9002644F1 /* Debug */,
				18097EB61FABFAB9002644F1 /* Release */,
			);
			defaultConfigurationIsVisible = 0;
			defaultConfigurationName = Release;
		};
		18097EB71FABFAB9002644F1 /* Build configuration list for PBXNativeTarget "iQuizUITests" */ = {
			isa = XCConfigurationList;
			buildConfigurations = (
				18097EB81FABFAB9002644F1 /* Debug */,
				18097EB91FABFAB9002644F1 /* Release */,
			);
			defaultConfigurationIsVisible = 0;
			defaultConfigurationName = Release;
		};
/* End XCConfigurationList section */
	};
	rootObject = 18097E7F1FABFAB8002644F1 /* Project object */;
}
